
Microsoft Visual Studio Solution File, Format Version 12.00
# Visual Studio Version 16
VisualStudioVersion = 16.0.30011.22
MinimumVisualStudioVersion = 10.0.40219.1
Project("{FAE04EC0-301F-11D3-BF4B-00C04F79EFBC}") = "SoccerWorld", "SoccerWorld\SoccerWorld.csproj", "{68859944-4289-499C-8866-CEA19208F197}"
EndProject
Global
	GlobalSection(SolutionConfigurationPlatforms) = preSolution
		Debug|Any CPU = Debug|Any CPU
		Release|Any CPU = Release|Any CPU
	EndGlobalSection
	GlobalSection(ProjectConfigurationPlatforms) = postSolution
		{68859944-4289-499C-8866-CEA19208F197}.Debug|Any CPU.ActiveCfg = Debug|Any CPU
		{68859944-4289-499C-8866-CEA19208F197}.Debug|Any CPU.Build.0 = Debug|Any CPU
		{68859944-4289-499C-8866-CEA19208F197}.Release|Any CPU.ActiveCfg = Release|Any CPU
		{68859944-4289-499C-8866-CEA19208F197}.Release|Any CPU.Build.0 = Release|Any CPU
	EndGlobalSection
	GlobalSection(SolutionProperties) = preSolution
		HideSolutionNode = FALSE
	EndGlobalSection
	GlobalSection(ExtensibilityGlobals) = postSolution
		SolutionGuid = {8DCDBAC2-DF7A-4A45-A137-64AB5457F962}
	EndGlobalSection
EndGlobal
